// !$*UTF8*$!
{
	archiveVersion = 1;
	classes = {
	};
	objectVersion = 50;
	objects = {

/* Begin PBXBuildFile section */
		82AEF43C220D7C34007B8232 /* AppDelegate.swift in Sources */ = {isa = PBXBuildFile; fileRef = 82AEF43B220D7C34007B8232 /* AppDelegate.swift */; };
		82AEF43E220D7C34007B8232 /* art.scnassets in Resources */ = {isa = PBXBuildFile; fileRef = 82AEF43D220D7C34007B8232 /* art.scnassets */; };
		82AEF440220D7C34007B8232 /* ViewController.swift in Sources */ = {isa = PBXBuildFile; fileRef = 82AEF43F220D7C34007B8232 /* ViewController.swift */; };
		82AEF443220D7C34007B8232 /* Main.storyboard in Resources */ = {isa = PBXBuildFile; fileRef = 82AEF441220D7C34007B8232 /* Main.storyboard */; };
		82AEF445220D7C36007B8232 /* Assets.xcassets in Resources */ = {isa = PBXBuildFile; fileRef = 82AEF444220D7C36007B8232 /* Assets.xcassets */; };
		82AEF448220D7C36007B8232 /* LaunchScreen.storyboard in Resources */ = {isa = PBXBuildFile; fileRef = 82AEF446220D7C36007B8232 /* LaunchScreen.storyboard */; };
		82AEF453220D7C36007B8232 /* Birthday_AppTests.swift in Sources */ = {isa = PBXBuildFile; fileRef = 82AEF452220D7C36007B8232 /* Birthday_AppTests.swift */; };
		82AEF45E220D7C36007B8232 /* Birthday_AppUITests.swift in Sources */ = {isa = PBXBuildFile; fileRef = 82AEF45D220D7C36007B8232 /* Birthday_AppUITests.swift */; };
/* End PBXBuildFile section */

/* Begin PBXContainerItemProxy section */
		82AEF44F220D7C36007B8232 /* PBXContainerItemProxy */ = {
			isa = PBXContainerItemProxy;
			containerPortal = 82AEF430220D7C34007B8232 /* Project object */;
			proxyType = 1;
			remoteGlobalIDString = 82AEF437220D7C34007B8232;
			remoteInfo = "Birthday App";
		};
		82AEF45A220D7C36007B8232 /* PBXContainerItemProxy */ = {
			isa = PBXContainerItemProxy;
			containerPortal = 82AEF430220D7C34007B8232 /* Project object */;
			proxyType = 1;
			remoteGlobalIDString = 82AEF437220D7C34007B8232;
			remoteInfo = "Birthday App";
		};
/* End PBXContainerItemProxy section */

/* Begin PBXFileReference section */
		82AEF438220D7C34007B8232 /* Birthday App.app */ = {isa = PBXFileReference; explicitFileType = wrapper.application; includeInIndex = 0; path = "Birthday App.app"; sourceTree = BUILT_PRODUCTS_DIR; };
		82AEF43B220D7C34007B8232 /* AppDelegate.swift */ = {isa = PBXFileReference; lastKnownFileType = sourcecode.swift; path = AppDelegate.swift; sourceTree = "<group>"; };
		82AEF43D220D7C34007B8232 /* art.scnassets */ = {isa = PBXFileReference; lastKnownFileType = wrapper.scnassets; path = art.scnassets; sourceTree = "<group>"; };
		82AEF43F220D7C34007B8232 /* ViewController.swift */ = {isa = PBXFileReference; lastKnownFileType = sourcecode.swift; path = ViewController.swift; sourceTree = "<group>"; };
		82AEF442220D7C34007B8232 /* Base */ = {isa = PBXFileReference; lastKnownFileType = file.storyboard; name = Base; path = Base.lproj/Main.storyboard; sourceTree = "<group>"; };
		82AEF444220D7C36007B8232 /* Assets.xcassets */ = {isa = PBXFileReference; lastKnownFileType = folder.assetcatalog; path = Assets.xcassets; sourceTree = "<group>"; };
		82AEF447220D7C36007B8232 /* Base */ = {isa = PBXFileReference; lastKnownFileType = file.storyboard; name = Base; path = Base.lproj/LaunchScreen.storyboard; sourceTree = "<group>"; };
		82AEF449220D7C36007B8232 /* Info.plist */ = {isa = PBXFileReference; lastKnownFileType = text.plist.xml; path = Info.plist; sourceTree = "<group>"; };
		82AEF44E220D7C36007B8232 /* Birthday AppTests.xctest */ = {isa = PBXFileReference; explicitFileType = wrapper.cfbundle; includeInIndex = 0; path = "Birthday AppTests.xctest"; sourceTree = BUILT_PRODUCTS_DIR; };
		82AEF452220D7C36007B8232 /* Birthday_AppTests.swift */ = {isa = PBXFileReference; lastKnownFileType = sourcecode.swift; path = Birthday_AppTests.swift; sourceTree = "<group>"; };
		82AEF454220D7C36007B8232 /* Info.plist */ = {isa = PBXFileReference; lastKnownFileType = text.plist.xml; path = Info.plist; sourceTree = "<group>"; };
		82AEF459220D7C36007B8232 /* Birthday AppUITests.xctest */ = {isa = PBXFileReference; explicitFileType = wrapper.cfbundle; includeInIndex = 0; path = "Birthday AppUITests.xctest"; sourceTree = BUILT_PRODUCTS_DIR; };
		82AEF45D220D7C36007B8232 /* Birthday_AppUITests.swift */ = {isa = PBXFileReference; lastKnownFileType = sourcecode.swift; path = Birthday_AppUITests.swift; sourceTree = "<group>"; };
		82AEF45F220D7C36007B8232 /* Info.plist */ = {isa = PBXFileReference; lastKnownFileType = text.plist.xml; path = Info.plist; sourceTree = "<group>"; };
/* End PBXFileReference section */

/* Begin PBXFrameworksBuildPhase section */
		82AEF435220D7C34007B8232 /* Frameworks */ = {
			isa = PBXFrameworksBuildPhase;
			buildActionMask = 2147483647;
			files = (
			);
			runOnlyForDeploymentPostprocessing = 0;
		};
		82AEF44B220D7C36007B8232 /* Frameworks */ = {
			isa = PBXFrameworksBuildPhase;
			buildActionMask = 2147483647;
			files = (
			);
			runOnlyForDeploymentPostprocessing = 0;
		};
		82AEF456220D7C36007B8232 /* Frameworks */ = {
			isa = PBXFrameworksBuildPhase;
			buildActionMask = 2147483647;
			files = (
			);
			runOnlyForDeploymentPostprocessing = 0;
		};
/* End PBXFrameworksBuildPhase section */

/* Begin PBXGroup section */
		82AEF42F220D7C34007B8232 = {
			isa = PBXGroup;
			children = (
				82AEF43A220D7C34007B8232 /* Birthday App */,
				82AEF451220D7C36007B8232 /* Birthday AppTests */,
				82AEF45C220D7C36007B8232 /* Birthday AppUITests */,
				82AEF439220D7C34007B8232 /* Products */,
			);
			sourceTree = "<group>";
		};
		82AEF439220D7C34007B8232 /* Products */ = {
			isa = PBXGroup;
			children = (
				82AEF438220D7C34007B8232 /* Birthday App.app */,
				82AEF44E220D7C36007B8232 /* Birthday AppTests.xctest */,
				82AEF459220D7C36007B8232 /* Birthday AppUITests.xctest */,
			);
			name = Products;
			sourceTree = "<group>";
		};
		82AEF43A220D7C34007B8232 /* Birthday App */ = {
			isa = PBXGroup;
			children = (
				82AEF43B220D7C34007B8232 /* AppDelegate.swift */,
				82AEF43D220D7C34007B8232 /* art.scnassets */,
				82AEF43F220D7C34007B8232 /* ViewController.swift */,
				82AEF441220D7C34007B8232 /* Main.storyboard */,
				82AEF444220D7C36007B8232 /* Assets.xcassets */,
				82AEF446220D7C36007B8232 /* LaunchScreen.storyboard */,
				82AEF449220D7C36007B8232 /* Info.plist */,
			);
			path = "Birthday App";
			sourceTree = "<group>";
		};
		82AEF451220D7C36007B8232 /* Birthday AppTests */ = {
			isa = PBXGroup;
			children = (
				82AEF452220D7C36007B8232 /* Birthday_AppTests.swift */,
				82AEF454220D7C36007B8232 /* Info.plist */,
			);
			path = "Birthday AppTests";
			sourceTree = "<group>";
		};
		82AEF45C220D7C36007B8232 /* Birthday AppUITests */ = {
			isa = PBXGroup;
			children = (
				82AEF45D220D7C36007B8232 /* Birthday_AppUITests.swift */,
				82AEF45F220D7C36007B8232 /* Info.plist */,
			);
			path = "Birthday AppUITests";
			sourceTree = "<group>";
		};
/* End PBXGroup section */

/* Begin PBXNativeTarget section */
		82AEF437220D7C34007B8232 /* Birthday App */ = {
			isa = PBXNativeTarget;
			buildConfigurationList = 82AEF462220D7C36007B8232 /* Build configuration list for PBXNativeTarget "Birthday App" */;
			buildPhases = (
				82AEF434220D7C34007B8232 /* Sources */,
				82AEF435220D7C34007B8232 /* Frameworks */,
				82AEF436220D7C34007B8232 /* Resources */,
			);
			buildRules = (
			);
			dependencies = (
			);
			name = "Birthday App";
			productName = "Birthday App";
			productReference = 82AEF438220D7C34007B8232 /* Birthday App.app */;
			productType = "com.apple.product-type.application";
		};
		82AEF44D220D7C36007B8232 /* Birthday AppTests */ = {
			isa = PBXNativeTarget;
			buildConfigurationList = 82AEF465220D7C36007B8232 /* Build configuration list for PBXNativeTarget "Birthday AppTests" */;
			buildPhases = (
				82AEF44A220D7C36007B8232 /* Sources */,
				82AEF44B220D7C36007B8232 /* Frameworks */,
				82AEF44C220D7C36007B8232 /* Resources */,
			);
			buildRules = (
			);
			dependencies = (
				82AEF450220D7C36007B8232 /* PBXTargetDependency */,
			);
			name = "Birthday AppTests";
			productName = "Birthday AppTests";
			productReference = 82AEF44E220D7C36007B8232 /* Birthday AppTests.xctest */;
			productType = "com.apple.product-type.bundle.unit-test";
		};
		82AEF458220D7C36007B8232 /* Birthday AppUITests */ = {
			isa = PBXNativeTarget;
			buildConfigurationList = 82AEF468220D7C36007B8232 /* Build configuration list for PBXNativeTarget "Birthday AppUITests" */;
			buildPhases = (
				82AEF455220D7C36007B8232 /* Sources */,
				82AEF456220D7C36007B8232 /* Frameworks */,
				82AEF457220D7C36007B8232 /* Resources */,
			);
			buildRules = (
			);
			dependencies = (
				82AEF45B220D7C36007B8232 /* PBXTargetDependency */,
			);
			name = "Birthday AppUITests";
			productName = "Birthday AppUITests";
			productReference = 82AEF459220D7C36007B8232 /* Birthday AppUITests.xctest */;
			productType = "com.apple.product-type.bundle.ui-testing";
		};
/* End PBXNativeTarget section */

/* Begin PBXProject section */
		82AEF430220D7C34007B8232 /* Project object */ = {
			isa = PBXProject;
			attributes = {
				LastSwiftUpdateCheck = 1010;
				LastUpgradeCheck = 1010;
				ORGANIZATIONNAME = "Kiyoto Ryuman";
				TargetAttributes = {
					82AEF437220D7C34007B8232 = {
						CreatedOnToolsVersion = 10.1;
					};
					82AEF44D220D7C36007B8232 = {
						CreatedOnToolsVersion = 10.1;
						TestTargetID = 82AEF437220D7C34007B8232;
					};
					82AEF458220D7C36007B8232 = {
						CreatedOnToolsVersion = 10.1;
						TestTargetID = 82AEF437220D7C34007B8232;
					};
				};
			};
			buildConfigurationList = 82AEF433220D7C34007B8232 /* Build configuration list for PBXProject "Birthday App" */;
			compatibilityVersion = "Xcode 9.3";
			developmentRegion = en;
			hasScannedForEncodings = 0;
			knownRegions = (
				en,
				Base,
			);
			mainGroup = 82AEF42F220D7C34007B8232;
			productRefGroup = 82AEF439220D7C34007B8232 /* Products */;
			projectDirPath = "";
			projectRoot = "";
			targets = (
				82AEF437220D7C34007B8232 /* Birthday App */,
				82AEF44D220D7C36007B8232 /* Birthday AppTests */,
				82AEF458220D7C36007B8232 /* Birthday AppUITests */,
			);
		};
/* End PBXProject section */

/* Begin PBXResourcesBuildPhase section */
		82AEF436220D7C34007B8232 /* Resources */ = {
			isa = PBXResourcesBuildPhase;
			buildActionMask = 2147483647;
			files = (
				82AEF43E220D7C34007B8232 /* art.scnassets in Resources */,
				82AEF448220D7C36007B8232 /* LaunchScreen.storyboard in Resources */,
				82AEF445220D7C36007B8232 /* Assets.xcassets in Resources */,
				82AEF443220D7C34007B8232 /* Main.storyboard in Resources */,
			);
			runOnlyForDeploymentPostprocessing = 0;
		};
		82AEF44C220D7C36007B8232 /* Resources */ = {
			isa = PBXResourcesBuildPhase;
			buildActionMask = 2147483647;
			files = (
			);
			runOnlyForDeploymentPostprocessing = 0;
		};
		82AEF457220D7C36007B8232 /* Resources */ = {
			isa = PBXResourcesBuildPhase;
			buildActionMask = 2147483647;
			files = (
			);
			runOnlyForDeploymentPostprocessing = 0;
		};
/* End PBXResourcesBuildPhase section */

/* Begin PBXSourcesBuildPhase section */
		82AEF434220D7C34007B8232 /* Sources */ = {
			isa = PBXSourcesBuildPhase;
			buildActionMask = 2147483647;
			files = (
				82AEF440220D7C34007B8232 /* ViewController.swift in Sources */,
				82AEF43C220D7C34007B8232 /* AppDelegate.swift in Sources */,
			);
			runOnlyForDeploymentPostprocessing = 0;
		};
		82AEF44A220D7C36007B8232 /* Sources */ = {
			isa = PBXSourcesBuildPhase;
			buildActionMask = 2147483647;
			files = (
				82AEF453220D7C36007B8232 /* Birthday_AppTests.swift in Sources */,
			);
			runOnlyForDeploymentPostprocessing = 0;
		};
		82AEF455220D7C36007B8232 /* Sources */ = {
			isa = PBXSourcesBuildPhase;
			buildActionMask = 2147483647;
			files = (
				82AEF45E220D7C36007B8232 /* Birthday_AppUITests.swift in Sources */,
			);
			runOnlyForDeploymentPostprocessing = 0;
		};
/* End PBXSourcesBuildPhase section */

/* Begin PBXTargetDependency section */
		82AEF450220D7C36007B8232 /* PBXTargetDependency */ = {
			isa = PBXTargetDependency;
			target = 82AEF437220D7C34007B8232 /* Birthday App */;
			targetProxy = 82AEF44F220D7C36007B8232 /* PBXContainerItemProxy */;
		};
		82AEF45B220D7C36007B8232 /* PBXTargetDependency */ = {
			isa = PBXTargetDependency;
			target = 82AEF437220D7C34007B8232 /* Birthday App */;
			targetProxy = 82AEF45A220D7C36007B8232 /* PBXContainerItemProxy */;
		};
/* End PBXTargetDependency section */

/* Begin PBXVariantGroup section */
		82AEF441220D7C34007B8232 /* Main.storyboard */ = {
			isa = PBXVariantGroup;
			children = (
				82AEF442220D7C34007B8232 /* Base */,
			);
			name = Main.storyboard;
			sourceTree = "<group>";
		};
		82AEF446220D7C36007B8232 /* LaunchScreen.storyboard */ = {
			isa = PBXVariantGroup;
			children = (
				82AEF447220D7C36007B8232 /* Base */,
			);
			name = LaunchScreen.storyboard;
			sourceTree = "<group>";
		};
/* End PBXVariantGroup section */

/* Begin XCBuildConfiguration section */
		82AEF460220D7C36007B8232 /* Debug */ = {
			isa = XCBuildConfiguration;
			buildSettings = {
				ALWAYS_SEARCH_USER_PATHS = NO;
				CLANG_ANALYZER_NONNULL = YES;
				CLANG_ANALYZER_NUMBER_OBJECT_CONVERSION = YES_AGGRESSIVE;
				CLANG_CXX_LANGUAGE_STANDARD = "gnu++14";
				CLANG_CXX_LIBRARY = "libc++";
				CLANG_ENABLE_MODULES = YES;
				CLANG_ENABLE_OBJC_ARC = YES;
				CLANG_ENABLE_OBJC_WEAK = YES;
				CLANG_WARN_BLOCK_CAPTURE_AUTORELEASING = YES;
				CLANG_WARN_BOOL_CONVERSION = YES;
				CLANG_WARN_COMMA = YES;
				CLANG_WARN_CONSTANT_CONVERSION = YES;
				CLANG_WARN_DEPRECATED_OBJC_IMPLEMENTATIONS = YES;
				CLANG_WARN_DIRECT_OBJC_ISA_USAGE = YES_ERROR;
				CLANG_WARN_DOCUMENTATION_COMMENTS = YES;
				CLANG_WARN_EMPTY_BODY = YES;
				CLANG_WARN_ENUM_CONVERSION = YES;
				CLANG_WARN_INFINITE_RECURSION = YES;
				CLANG_WARN_INT_CONVERSION = YES;
				CLANG_WARN_NON_LITERAL_NULL_CONVERSION = YES;
				CLANG_WARN_OBJC_IMPLICIT_RETAIN_SELF = YES;
				CLANG_WARN_OBJC_LITERAL_CONVERSION = YES;
				CLANG_WARN_OBJC_ROOT_CLASS = YES_ERROR;
				CLANG_WARN_RANGE_LOOP_ANALYSIS = YES;
				CLANG_WARN_STRICT_PROTOTYPES = YES;
				CLANG_WARN_SUSPICIOUS_MOVE = YES;
				CLANG_WARN_UNGUARDED_AVAILABILITY = YES_AGGRESSIVE;
				CLANG_WARN_UNREACHABLE_CODE = YES;
				CLANG_WARN__DUPLICATE_METHOD_MATCH = YES;
				CODE_SIGN_IDENTITY = "iPhone Developer";
				COPY_PHASE_STRIP = NO;
				DEBUG_INFORMATION_FORMAT = dwarf;
				ENABLE_STRICT_OBJC_MSGSEND = YES;
				ENABLE_TESTABILITY = YES;
				GCC_C_LANGUAGE_STANDARD = gnu11;
				GCC_DYNAMIC_NO_PIC = NO;
				GCC_NO_COMMON_BLOCKS = YES;
				GCC_OPTIMIZATION_LEVEL = 0;
				GCC_PREPROCESSOR_DEFINITIONS = (
					"DEBUG=1",
					"$(inherited)",
				);
				GCC_WARN_64_TO_32_BIT_CONVERSION = YES;
				GCC_WARN_ABOUT_RETURN_TYPE = YES_ERROR;
				GCC_WARN_UNDECLARED_SELECTOR = YES;
				GCC_WARN_UNINITIALIZED_AUTOS = YES_AGGRESSIVE;
				GCC_WARN_UNUSED_FUNCTION = YES;
				GCC_WARN_UNUSED_VARIABLE = YES;
				IPHONEOS_DEPLOYMENT_TARGET = 12.1;
				MTL_ENABLE_DEBUG_INFO = INCLUDE_SOURCE;
				MTL_FAST_MATH = YES;
				ONLY_ACTIVE_ARCH = YES;
				SDKROOT = iphoneos;
				SWIFT_ACTIVE_COMPILATION_CONDITIONS = DEBUG;
				SWIFT_OPTIMIZATION_LEVEL = "-Onone";
			};
			name = Debug;
		};
		82AEF461220D7C36007B8232 /* Release */ = {
			isa = XCBuildConfiguration;
			buildSettings = {
				ALWAYS_SEARCH_USER_PATHS = NO;
				CLANG_ANALYZER_NONNULL = YES;
				CLANG_ANALYZER_NUMBER_OBJECT_CONVERSION = YES_AGGRESSIVE;
				CLANG_CXX_LANGUAGE_STANDARD = "gnu++14";
				CLANG_CXX_LIBRARY = "libc++";
				CLANG_ENABLE_MODULES = YES;
				CLANG_ENABLE_OBJC_ARC = YES;
				CLANG_ENABLE_OBJC_WEAK = YES;
				CLANG_WARN_BLOCK_CAPTURE_AUTORELEASING = YES;
				CLANG_WARN_BOOL_CONVERSION = YES;
				CLANG_WARN_COMMA = YES;
				CLANG_WARN_CONSTANT_CONVERSION = YES;
				CLANG_WARN_DEPRECATED_OBJC_IMPLEMENTATIONS = YES;
				CLANG_WARN_DIRECT_OBJC_ISA_USAGE = YES_ERROR;
				CLANG_WARN_DOCUMENTATION_COMMENTS = YES;
				CLANG_WARN_EMPTY_BODY = YES;
				CLANG_WARN_ENUM_CONVERSION = YES;
				CLANG_WARN_INFINITE_RECURSION = YES;
				CLANG_WARN_INT_CONVERSION = YES;
				CLANG_WARN_NON_LITERAL_NULL_CONVERSION = YES;
				CLANG_WARN_OBJC_IMPLICIT_RETAIN_SELF = YES;
				CLANG_WARN_OBJC_LITERAL_CONVERSION = YES;
				CLANG_WARN_OBJC_ROOT_CLASS = YES_ERROR;
				CLANG_WARN_RANGE_LOOP_ANALYSIS = YES;
				CLANG_WARN_STRICT_PROTOTYPES = YES;
				CLANG_WARN_SUSPICIOUS_MOVE = YES;
				CLANG_WARN_UNGUARDED_AVAILABILITY = YES_AGGRESSIVE;
				CLANG_WARN_UNREACHABLE_CODE = YES;
				CLANG_WARN__DUPLICATE_METHOD_MATCH = YES;
				CODE_SIGN_IDENTITY = "iPhone Developer";
				COPY_PHASE_STRIP = NO;
				DEBUG_INFORMATION_FORMAT = "dwarf-with-dsym";
				ENABLE_NS_ASSERTIONS = NO;
				ENABLE_STRICT_OBJC_MSGSEND = YES;
				GCC_C_LANGUAGE_STANDARD = gnu11;
				GCC_NO_COMMON_BLOCKS = YES;
				GCC_WARN_64_TO_32_BIT_CONVERSION = YES;
				GCC_WARN_ABOUT_RETURN_TYPE = YES_ERROR;
				GCC_WARN_UNDECLARED_SELECTOR = YES;
				GCC_WARN_UNINITIALIZED_AUTOS = YES_AGGRESSIVE;
				GCC_WARN_UNUSED_FUNCTION = YES;
				GCC_WARN_UNUSED_VARIABLE = YES;
				IPHONEOS_DEPLOYMENT_TARGET = 12.1;
				MTL_ENABLE_DEBUG_INFO = NO;
				MTL_FAST_MATH = YES;
				SDKROOT = iphoneos;
				SWIFT_COMPILATION_MODE = wholemodule;
				SWIFT_OPTIMIZATION_LEVEL = "-O";
				VALIDATE_PRODUCT = YES;
			};
			name = Release;
		};
		82AEF463220D7C36007B8232 /* Debug */ = {
			isa = XCBuildConfiguration;
			buildSettings = {
				ASSETCATALOG_COMPILER_APPICON_NAME = AppIcon;
				CODE_SIGN_STYLE = Automatic;
				DEVELOPMENT_TEAM = KH2UHCDNT4;
				INFOPLIST_FILE = "Birthday App/Info.plist";
				LD_RUNPATH_SEARCH_PATHS = (
					"$(inherited)",
					"@executable_path/Frameworks",
				);
				PRODUCT_BUNDLE_IDENTIFIER = "KiyotoRyuman.Birthday-App";
				PRODUCT_NAME = "$(TARGET_NAME)";
				SWIFT_VERSION = 4.2;
				TARGETED_DEVICE_FAMILY = "1,2";
			};
			name = Debug;
		};
		82AEF464220D7C36007B8232 /* Release */ = {
			isa = XCBuildConfiguration;
			buildSettings = {
				ASSETCATALOG_COMPILER_APPICON_NAME = AppIcon;
				CODE_SIGN_STYLE = Automatic;
				DEVELOPMENT_TEAM = KH2UHCDNT4;
				INFOPLIST_FILE = "Birthday App/Info.plist";
				LD_RUNPATH_SEARCH_PATHS = (
					"$(inherited)",
					"@executable_path/Frameworks",
				);
				PRODUCT_BUNDLE_IDENTIFIER = "KiyotoRyuman.Birthday-App";
				PRODUCT_NAME = "$(TARGET_NAME)";
				SWIFT_VERSION = 4.2;
				TARGETED_DEVICE_FAMILY = "1,2";
			};
			name = Release;
		};
		82AEF466220D7C36007B8232 /* Debug */ = {
			isa = XCBuildConfiguration;
			buildSettings = {
				ALWAYS_EMBED_SWIFT_STANDARD_LIBRARIES = YES;
				BUNDLE_LOADER = "$(TEST_HOST)";
				CODE_SIGN_STYLE = Automatic;
				DEVELOPMENT_TEAM = KH2UHCDNT4;
				INFOPLIST_FILE = "Birthday AppTests/Info.plist";
				LD_RUNPATH_SEARCH_PATHS = (
					"$(inherited)",
					"@executable_path/Frameworks",
					"@loader_path/Frameworks",
				);
				PRODUCT_BUNDLE_IDENTIFIER = "KiyotoRyuman.Birthday-AppTests";
				PRODUCT_NAME = "$(TARGET_NAME)";
				SWIFT_VERSION = 4.2;
				TARGETED_DEVICE_FAMILY = "1,2";
				TEST_HOST = "$(BUILT_PRODUCTS_DIR)/Birthday App.app/Birthday App";
			};
			name = Debug;
		};
		82AEF467220D7C36007B8232 /* Release */ = {
			isa = XCBuildConfiguration;
			buildSettings = {
				ALWAYS_EMBED_SWIFT_STANDARD_LIBRARIES = YES;
				BUNDLE_LOADER = "$(TEST_HOST)";
				CODE_SIGN_STYLE = Automatic;
				DEVELOPMENT_TEAM = KH2UHCDNT4;
				INFOPLIST_FILE = "Birthday AppTests/Info.plist";
				LD_RUNPATH_SEARCH_PATHS = (
					"$(inherited)",
					"@executable_path/Frameworks",
					"@loader_path/Frameworks",
				);
				PRODUCT_BUNDLE_IDENTIFIER = "KiyotoRyuman.Birthday-AppTests";
				PRODUCT_NAME = "$(TARGET_NAME)";
				SWIFT_VERSION = 4.2;
				TARGETED_DEVICE_FAMILY = "1,2";
				TEST_HOST = "$(BUILT_PRODUCTS_DIR)/Birthday App.app/Birthday App";
			};
			name = Release;
		};
		82AEF469220D7C36007B8232 /* Debug */ = {
			isa = XCBuildConfiguration;
			buildSettings = {
				ALWAYS_EMBED_SWIFT_STANDARD_LIBRARIES = YES;
				CODE_SIGN_STYLE = Automatic;
				DEVELOPMENT_TEAM = KH2UHCDNT4;
				INFOPLIST_FILE = "Birthday AppUITests/Info.plist";
				LD_RUNPATH_SEARCH_PATHS = (
					"$(inherited)",
					"@executable_path/Frameworks",
					"@loader_path/Frameworks",
				);
				PRODUCT_BUNDLE_IDENTIFIER = "KiyotoRyuman.Birthday-AppUITests";
				PRODUCT_NAME = "$(TARGET_NAME)";
				SWIFT_VERSION = 4.2;
				TARGETED_DEVICE_FAMILY = "1,2";
				TEST_TARGET_NAME = "Birthday App";
			};
			name = Debug;
		};
		82AEF46A220D7C36007B8232 /* Release */ = {
			isa = XCBuildConfiguration;
			buildSettings = {
				ALWAYS_EMBED_SWIFT_STANDARD_LIBRARIES = YES;
				CODE_SIGN_STYLE = Automatic;
				DEVELOPMENT_TEAM = KH2UHCDNT4;
				INFOPLIST_FILE = "Birthday AppUITests/Info.plist";
				LD_RUNPATH_SEARCH_PATHS = (
					"$(inherited)",
					"@executable_path/Frameworks",
					"@loader_path/Frameworks",
				);
				PRODUCT_BUNDLE_IDENTIFIER = "KiyotoRyuman.Birthday-AppUITests";
				PRODUCT_NAME = "$(TARGET_NAME)";
				SWIFT_VERSION = 4.2;
				TARGETED_DEVICE_FAMILY = "1,2";
				TEST_TARGET_NAME = "Birthday App";
			};
			name = Release;
		};
/* End XCBuildConfiguration section */

/* Begin XCConfigurationList section */
		82AEF433220D7C34007B8232 /* Build configuration list for PBXProject "Birthday App" */ = {
			isa = XCConfigurationList;
			buildConfigurations = (
				82AEF460220D7C36007B8232 /* Debug */,
				82AEF461220D7C36007B8232 /* Release */,
			);
			defaultConfigurationIsVisible = 0;
			defaultConfigurationName = Release;
		};
		82AEF462220D7C36007B8232 /* Build configuration list for PBXNativeTarget "Birthday App" */ = {
			isa = XCConfigurationList;
			buildConfigurations = (
				82AEF463220D7C36007B8232 /* Debug */,
				82AEF464220D7C36007B8232 /* Release */,
			);
			defaultConfigurationIsVisible = 0;
			defaultConfigurationName = Release;
		};
		82AEF465220D7C36007B8232 /* Build configuration list for PBXNativeTarget "Birthday AppTests" */ = {
			isa = XCConfigurationList;
			buildConfigurations = (
				82AEF466220D7C36007B8232 /* Debug */,
				82AEF467220D7C36007B8232 /* Release */,
			);
			defaultConfigurationIsVisible = 0;
			defaultConfigurationName = Release;
		};
		82AEF468220D7C36007B8232 /* Build configuration list for PBXNativeTarget "Birthday AppUITests" */ = {
			isa = XCConfigurationList;
			buildConfigurations = (
				82AEF469220D7C36007B8232 /* Debug */,
				82AEF46A220D7C36007B8232 /* Release */,
			);
			defaultConfigurationIsVisible = 0;
			defaultConfigurationName = Release;
		};
/* End XCConfigurationList section */
	};
	rootObject = 82AEF430220D7C34007B8232 /* Project object */;
}
